// !$*UTF8*$!
{
	archiveVersion = 1;
	classes = {
	};
	objectVersion = 46;
	objects = {

/* Begin PBXBuildFile section */
		94F3030A18F2E9100087A68F /* Foundation.framework in Frameworks */ = {isa = PBXBuildFile; fileRef = 94F3030918F2E9100087A68F /* Foundation.framework */; };
		94F3030C18F2E9100087A68F /* CoreGraphics.framework in Frameworks */ = {isa = PBXBuildFile; fileRef = 94F3030B18F2E9100087A68F /* CoreGraphics.framework */; };
		94F3030E18F2E9100087A68F /* UIKit.framework in Frameworks */ = {isa = PBXBuildFile; fileRef = 94F3030D18F2E9100087A68F /* UIKit.framework */; };
		94F3031018F2E9100087A68F /* CoreData.framework in Frameworks */ = {isa = PBXBuildFile; fileRef = 94F3030F18F2E9100087A68F /* CoreData.framework */; };
		94F3031618F2E9100087A68F /* InfoPlist.strings in Resources */ = {isa = PBXBuildFile; fileRef = 94F3031418F2E9100087A68F /* InfoPlist.strings */; };
		94F3031818F2E9100087A68F /* main.m in Sources */ = {isa = PBXBuildFile; fileRef = 94F3031718F2E9100087A68F /* main.m */; };
		94F3031C18F2E9100087A68F /* Quiz7AppDelegate.m in Sources */ = {isa = PBXBuildFile; fileRef = 94F3031B18F2E9100087A68F /* Quiz7AppDelegate.m */; };
		94F3031F18F2E9100087A68F /* Main.storyboard in Resources */ = {isa = PBXBuildFile; fileRef = 94F3031D18F2E9100087A68F /* Main.storyboard */; };
		94F3032218F2E9100087A68F /* Quiz7.xcdatamodeld in Sources */ = {isa = PBXBuildFile; fileRef = 94F3032018F2E9100087A68F /* Quiz7.xcdatamodeld */; };
		94F3032518F2E9100087A68F /* Quiz7MasterViewController.m in Sources */ = {isa = PBXBuildFile; fileRef = 94F3032418F2E9100087A68F /* Quiz7MasterViewController.m */; };
		94F3032818F2E9100087A68F /* Quiz7DetailViewController.m in Sources */ = {isa = PBXBuildFile; fileRef = 94F3032718F2E9100087A68F /* Quiz7DetailViewController.m */; };
		94F3032A18F2E9100087A68F /* Images.xcassets in Resources */ = {isa = PBXBuildFile; fileRef = 94F3032918F2E9100087A68F /* Images.xcassets */; };
		94F3033118F2E9100087A68F /* XCTest.framework in Frameworks */ = {isa = PBXBuildFile; fileRef = 94F3033018F2E9100087A68F /* XCTest.framework */; };
		94F3033218F2E9100087A68F /* Foundation.framework in Frameworks */ = {isa = PBXBuildFile; fileRef = 94F3030918F2E9100087A68F /* Foundation.framework */; };
		94F3033318F2E9100087A68F /* UIKit.framework in Frameworks */ = {isa = PBXBuildFile; fileRef = 94F3030D18F2E9100087A68F /* UIKit.framework */; };
		94F3033418F2E9100087A68F /* CoreData.framework in Frameworks */ = {isa = PBXBuildFile; fileRef = 94F3030F18F2E9100087A68F /* CoreData.framework */; };
		94F3033C18F2E9100087A68F /* InfoPlist.strings in Resources */ = {isa = PBXBuildFile; fileRef = 94F3033A18F2E9100087A68F /* InfoPlist.strings */; };
		94F3033E18F2E9100087A68F /* Quiz7Tests.m in Sources */ = {isa = PBXBuildFile; fileRef = 94F3033D18F2E9100087A68F /* Quiz7Tests.m */; };
		94F3034918F2E96B0087A68F /* Model.xcdatamodeld in Sources */ = {isa = PBXBuildFile; fileRef = 94F3034718F2E96B0087A68F /* Model.xcdatamodeld */; };
		94F3034C18F2EA700087A68F /* Task.m in Sources */ = {isa = PBXBuildFile; fileRef = 94F3034B18F2EA700087A68F /* Task.m */; };
/* End PBXBuildFile section */

/* Begin PBXContainerItemProxy section */
		94F3033518F2E9100087A68F /* PBXContainerItemProxy */ = {
			isa = PBXContainerItemProxy;
			containerPortal = 94F302FE18F2E9100087A68F /* Project object */;
			proxyType = 1;
			remoteGlobalIDString = 94F3030518F2E9100087A68F;
			remoteInfo = Quiz7;
		};
/* End PBXContainerItemProxy section */

/* Begin PBXFileReference section */
		94F3030618F2E9100087A68F /* Quiz7.app */ = {isa = PBXFileReference; explicitFileType = wrapper.application; includeInIndex = 0; path = Quiz7.app; sourceTree = BUILT_PRODUCTS_DIR; };
		94F3030918F2E9100087A68F /* Foundation.framework */ = {isa = PBXFileReference; lastKnownFileType = wrapper.framework; name = Foundation.framework; path = System/Library/Frameworks/Foundation.framework; sourceTree = SDKROOT; };
		94F3030B18F2E9100087A68F /* CoreGraphics.framework */ = {isa = PBXFileReference; lastKnownFileType = wrapper.framework; name = CoreGraphics.framework; path = System/Library/Frameworks/CoreGraphics.framework; sourceTree = SDKROOT; };
		94F3030D18F2E9100087A68F /* UIKit.framework */ = {isa = PBXFileReference; lastKnownFileType = wrapper.framework; name = UIKit.framework; path = System/Library/Frameworks/UIKit.framework; sourceTree = SDKROOT; };
		94F3030F18F2E9100087A68F /* CoreData.framework */ = {isa = PBXFileReference; lastKnownFileType = wrapper.framework; name = CoreData.framework; path = System/Library/Frameworks/CoreData.framework; sourceTree = SDKROOT; };
		94F3031318F2E9100087A68F /* Quiz7-Info.plist */ = {isa = PBXFileReference; lastKnownFileType = text.plist.xml; path = "Quiz7-Info.plist"; sourceTree = "<group>"; };
		94F3031518F2E9100087A68F /* en */ = {isa = PBXFileReference; lastKnownFileType = text.plist.strings; name = en; path = en.lproj/InfoPlist.strings; sourceTree = "<group>"; };
		94F3031718F2E9100087A68F /* main.m */ = {isa = PBXFileReference; lastKnownFileType = sourcecode.c.objc; path = main.m; sourceTree = "<group>"; };
		94F3031918F2E9100087A68F /* Quiz7-Prefix.pch */ = {isa = PBXFileReference; lastKnownFileType = sourcecode.c.h; path = "Quiz7-Prefix.pch"; sourceTree = "<group>"; };
		94F3031A18F2E9100087A68F /* Quiz7AppDelegate.h */ = {isa = PBXFileReference; lastKnownFileType = sourcecode.c.h; path = Quiz7AppDelegate.h; sourceTree = "<group>"; };
		94F3031B18F2E9100087A68F /* Quiz7AppDelegate.m */ = {isa = PBXFileReference; lastKnownFileType = sourcecode.c.objc; path = Quiz7AppDelegate.m; sourceTree = "<group>"; };
		94F3031E18F2E9100087A68F /* Base */ = {isa = PBXFileReference; lastKnownFileType = file.storyboard; name = Base; path = Base.lproj/Main.storyboard; sourceTree = "<group>"; };
		94F3032118F2E9100087A68F /* Quiz7.xcdatamodel */ = {isa = PBXFileReference; lastKnownFileType = wrapper.xcdatamodel; path = Quiz7.xcdatamodel; sourceTree = "<group>"; };
		94F3032318F2E9100087A68F /* Quiz7MasterViewController.h */ = {isa = PBXFileReference; lastKnownFileType = sourcecode.c.h; path = Quiz7MasterViewController.h; sourceTree = "<group>"; };
		94F3032418F2E9100087A68F /* Quiz7MasterViewController.m */ = {isa = PBXFileReference; lastKnownFileType = sourcecode.c.objc; path = Quiz7MasterViewController.m; sourceTree = "<group>"; };
		94F3032618F2E9100087A68F /* Quiz7DetailViewController.h */ = {isa = PBXFileReference; lastKnownFileType = sourcecode.c.h; path = Quiz7DetailViewController.h; sourceTree = "<group>"; };
		94F3032718F2E9100087A68F /* Quiz7DetailViewController.m */ = {isa = PBXFileReference; lastKnownFileType = sourcecode.c.objc; path = Quiz7DetailViewController.m; sourceTree = "<group>"; };
		94F3032918F2E9100087A68F /* Images.xcassets */ = {isa = PBXFileReference; lastKnownFileType = folder.assetcatalog; path = Images.xcassets; sourceTree = "<group>"; };
		94F3032F18F2E9100087A68F /* Quiz7Tests.xctest */ = {isa = PBXFileReference; explicitFileType = wrapper.cfbundle; includeInIndex = 0; path = Quiz7Tests.xctest; sourceTree = BUILT_PRODUCTS_DIR; };
		94F3033018F2E9100087A68F /* XCTest.framework */ = {isa = PBXFileReference; lastKnownFileType = wrapper.framework; name = XCTest.framework; path = Library/Frameworks/XCTest.framework; sourceTree = DEVELOPER_DIR; };
		94F3033918F2E9100087A68F /* Quiz7Tests-Info.plist */ = {isa = PBXFileReference; lastKnownFileType = text.plist.xml; path = "Quiz7Tests-Info.plist"; sourceTree = "<group>"; };
		94F3033B18F2E9100087A68F /* en */ = {isa = PBXFileReference; lastKnownFileType = text.plist.strings; name = en; path = en.lproj/InfoPlist.strings; sourceTree = "<group>"; };
		94F3033D18F2E9100087A68F /* Quiz7Tests.m */ = {isa = PBXFileReference; lastKnownFileType = sourcecode.c.objc; path = Quiz7Tests.m; sourceTree = "<group>"; };
		94F3034818F2E96B0087A68F /* Model.xcdatamodel */ = {isa = PBXFileReference; lastKnownFileType = wrapper.xcdatamodel; path = Model.xcdatamodel; sourceTree = "<group>"; };
		94F3034A18F2EA700087A68F /* Task.h */ = {isa = PBXFileReference; fileEncoding = 4; lastKnownFileType = sourcecode.c.h; path = Task.h; sourceTree = "<group>"; };
		94F3034B18F2EA700087A68F /* Task.m */ = {isa = PBXFileReference; fileEncoding = 4; lastKnownFileType = sourcecode.c.objc; path = Task.m; sourceTree = "<group>"; };
/* End PBXFileReference section */

/* Begin PBXFrameworksBuildPhase section */
		94F3030318F2E9100087A68F /* Frameworks */ = {
			isa = PBXFrameworksBuildPhase;
			buildActionMask = 2147483647;
			files = (
				94F3031018F2E9100087A68F /* CoreData.framework in Frameworks */,
				94F3030C18F2E9100087A68F /* CoreGraphics.framework in Frameworks */,
				94F3030E18F2E9100087A68F /* UIKit.framework in Frameworks */,
				94F3030A18F2E9100087A68F /* Foundation.framework in Frameworks */,
			);
			runOnlyForDeploymentPostprocessing = 0;
		};
		94F3032C18F2E9100087A68F /* Frameworks */ = {
			isa = PBXFrameworksBuildPhase;
			buildActionMask = 2147483647;
			files = (
				94F3033118F2E9100087A68F /* XCTest.framework in Frameworks */,
				94F3033418F2E9100087A68F /* CoreData.framework in Frameworks */,
				94F3033318F2E9100087A68F /* UIKit.framework in Frameworks */,
				94F3033218F2E9100087A68F /* Foundation.framework in Frameworks */,
			);
			runOnlyForDeploymentPostprocessing = 0;
		};
/* End PBXFrameworksBuildPhase section */

/* Begin PBXGroup section */
		94F302FD18F2E9100087A68F = {
			isa = PBXGroup;
			children = (
				94F3034718F2E96B0087A68F /* Model.xcdatamodeld */,
				94F3031118F2E9100087A68F /* Quiz7 */,
				94F3033718F2E9100087A68F /* Quiz7Tests */,
				94F3030818F2E9100087A68F /* Frameworks */,
				94F3030718F2E9100087A68F /* Products */,
			);
			sourceTree = "<group>";
		};
		94F3030718F2E9100087A68F /* Products */ = {
			isa = PBXGroup;
			children = (
				94F3030618F2E9100087A68F /* Quiz7.app */,
				94F3032F18F2E9100087A68F /* Quiz7Tests.xctest */,
			);
			name = Products;
			sourceTree = "<group>";
		};
		94F3030818F2E9100087A68F /* Frameworks */ = {
			isa = PBXGroup;
			children = (
				94F3030918F2E9100087A68F /* Foundation.framework */,
				94F3030B18F2E9100087A68F /* CoreGraphics.framework */,
				94F3030D18F2E9100087A68F /* UIKit.framework */,
				94F3030F18F2E9100087A68F /* CoreData.framework */,
				94F3033018F2E9100087A68F /* XCTest.framework */,
			);
			name = Frameworks;
			sourceTree = "<group>";
		};
		94F3031118F2E9100087A68F /* Quiz7 */ = {
			isa = PBXGroup;
			children = (
				94F3031A18F2E9100087A68F /* Quiz7AppDelegate.h */,
				94F3031B18F2E9100087A68F /* Quiz7AppDelegate.m */,
				94F3031D18F2E9100087A68F /* Main.storyboard */,
				94F3032318F2E9100087A68F /* Quiz7MasterViewController.h */,
				94F3032418F2E9100087A68F /* Quiz7MasterViewController.m */,
				94F3032618F2E9100087A68F /* Quiz7DetailViewController.h */,
				94F3032718F2E9100087A68F /* Quiz7DetailViewController.m */,
				94F3032918F2E9100087A68F /* Images.xcassets */,
				94F3032018F2E9100087A68F /* Quiz7.xcdatamodeld */,
				94F3034A18F2EA700087A68F /* Task.h */,
				94F3034B18F2EA700087A68F /* Task.m */,
				94F3031218F2E9100087A68F /* Supporting Files */,
			);
			path = Quiz7;
			sourceTree = "<group>";
		};
		94F3031218F2E9100087A68F /* Supporting Files */ = {
			isa = PBXGroup;
			children = (
				94F3031318F2E9100087A68F /* Quiz7-Info.plist */,
				94F3031418F2E9100087A68F /* InfoPlist.strings */,
				94F3031718F2E9100087A68F /* main.m */,
				94F3031918F2E9100087A68F /* Quiz7-Prefix.pch */,
			);
			name = "Supporting Files";
			sourceTree = "<group>";
		};
		94F3033718F2E9100087A68F /* Quiz7Tests */ = {
			isa = PBXGroup;
			children = (
				94F3033D18F2E9100087A68F /* Quiz7Tests.m */,
				94F3033818F2E9100087A68F /* Supporting Files */,
			);
			path = Quiz7Tests;
			sourceTree = "<group>";
		};
		94F3033818F2E9100087A68F /* Supporting Files */ = {
			isa = PBXGroup;
			children = (
				94F3033918F2E9100087A68F /* Quiz7Tests-Info.plist */,
				94F3033A18F2E9100087A68F /* InfoPlist.strings */,
			);
			name = "Supporting Files";
			sourceTree = "<group>";
		};
/* End PBXGroup section */

/* Begin PBXNativeTarget section */
		94F3030518F2E9100087A68F /* Quiz7 */ = {
			isa = PBXNativeTarget;
			buildConfigurationList = 94F3034118F2E9100087A68F /* Build configuration list for PBXNativeTarget "Quiz7" */;
			buildPhases = (
				94F3030218F2E9100087A68F /* Sources */,
				94F3030318F2E9100087A68F /* Frameworks */,
				94F3030418F2E9100087A68F /* Resources */,
			);
			buildRules = (
			);
			dependencies = (
			);
			name = Quiz7;
			productName = Quiz7;
			productReference = 94F3030618F2E9100087A68F /* Quiz7.app */;
			productType = "com.apple.product-type.application";
		};
		94F3032E18F2E9100087A68F /* Quiz7Tests */ = {
			isa = PBXNativeTarget;
			buildConfigurationList = 94F3034418F2E9100087A68F /* Build configuration list for PBXNativeTarget "Quiz7Tests" */;
			buildPhases = (
				94F3032B18F2E9100087A68F /* Sources */,
				94F3032C18F2E9100087A68F /* Frameworks */,
				94F3032D18F2E9100087A68F /* Resources */,
			);
			buildRules = (
			);
			dependencies = (
				94F3033618F2E9100087A68F /* PBXTargetDependency */,
			);
			name = Quiz7Tests;
			productName = Quiz7Tests;
			productReference = 94F3032F18F2E9100087A68F /* Quiz7Tests.xctest */;
			productType = "com.apple.product-type.bundle.unit-test";
		};
/* End PBXNativeTarget section */

/* Begin PBXProject section */
		94F302FE18F2E9100087A68F /* Project object */ = {
			isa = PBXProject;
			attributes = {
				CLASSPREFIX = Quiz7;
				LastUpgradeCheck = 0510;
				ORGANIZATIONNAME = Ryan;
				TargetAttributes = {
					94F3032E18F2E9100087A68F = {
						TestTargetID = 94F3030518F2E9100087A68F;
					};
				};
			};
			buildConfigurationList = 94F3030118F2E9100087A68F /* Build configuration list for PBXProject "Quiz7" */;
			compatibilityVersion = "Xcode 3.2";
			developmentRegion = English;
			hasScannedForEncodings = 0;
			knownRegions = (
				en,
				Base,
			);
			mainGroup = 94F302FD18F2E9100087A68F;
			productRefGroup = 94F3030718F2E9100087A68F /* Products */;
			projectDirPath = "";
			projectRoot = "";
			targets = (
				94F3030518F2E9100087A68F /* Quiz7 */,
				94F3032E18F2E9100087A68F /* Quiz7Tests */,
			);
		};
/* End PBXProject section */

/* Begin PBXResourcesBuildPhase section */
		94F3030418F2E9100087A68F /* Resources */ = {
			isa = PBXResourcesBuildPhase;
			buildActionMask = 2147483647;
			files = (
				94F3032A18F2E9100087A68F /* Images.xcassets in Resources */,
				94F3031618F2E9100087A68F /* InfoPlist.strings in Resources */,
				94F3031F18F2E9100087A68F /* Main.storyboard in Resources */,
			);
			runOnlyForDeploymentPostprocessing = 0;
		};
		94F3032D18F2E9100087A68F /* Resources */ = {
			isa = PBXResourcesBuildPhase;
			buildActionMask = 2147483647;
			files = (
				94F3033C18F2E9100087A68F /* InfoPlist.strings in Resources */,
			);
			runOnlyForDeploymentPostprocessing = 0;
		};
/* End PBXResourcesBuildPhase section */

/* Begin PBXSourcesBuildPhase section */
		94F3030218F2E9100087A68F /* Sources */ = {
			isa = PBXSourcesBuildPhase;
			buildActionMask = 2147483647;
			files = (
				94F3034C18F2EA700087A68F /* Task.m in Sources */,
				94F3032818F2E9100087A68F /* Quiz7DetailViewController.m in Sources */,
				94F3032218F2E9100087A68F /* Quiz7.xcdatamodeld in Sources */,
				94F3032518F2E9100087A68F /* Quiz7MasterViewController.m in Sources */,
				94F3031818F2E9100087A68F /* main.m in Sources */,
				94F3031C18F2E9100087A68F /* Quiz7AppDelegate.m in Sources */,
				94F3034918F2E96B0087A68F /* Model.xcdatamodeld in Sources */,
			);
			runOnlyForDeploymentPostprocessing = 0;
		};
		94F3032B18F2E9100087A68F /* Sources */ = {
			isa = PBXSourcesBuildPhase;
			buildActionMask = 2147483647;
			files = (
				94F3033E18F2E9100087A68F /* Quiz7Tests.m in Sources */,
			);
			runOnlyForDeploymentPostprocessing = 0;
		};
/* End PBXSourcesBuildPhase section */

/* Begin PBXTargetDependency section */
		94F3033618F2E9100087A68F /* PBXTargetDependency */ = {
			isa = PBXTargetDependency;
			target = 94F3030518F2E9100087A68F /* Quiz7 */;
			targetProxy = 94F3033518F2E9100087A68F /* PBXContainerItemProxy */;
		};
/* End PBXTargetDependency section */

/* Begin PBXVariantGroup section */
		94F3031418F2E9100087A68F /* InfoPlist.strings */ = {
			isa = PBXVariantGroup;
			children = (
				94F3031518F2E9100087A68F /* en */,
			);
			name = InfoPlist.strings;
			sourceTree = "<group>";
		};
		94F3031D18F2E9100087A68F /* Main.storyboard */ = {
			isa = PBXVariantGroup;
			children = (
				94F3031E18F2E9100087A68F /* Base */,
			);
			name = Main.storyboard;
			sourceTree = "<group>";
		};
		94F3033A18F2E9100087A68F /* InfoPlist.strings */ = {
			isa = PBXVariantGroup;
			children = (
				94F3033B18F2E9100087A68F /* en */,
			);
			name = InfoPlist.strings;
			sourceTree = "<group>";
		};
/* End PBXVariantGroup section */

/* Begin XCBuildConfiguration section */
		94F3033F18F2E9100087A68F /* Debug */ = {
			isa = XCBuildConfiguration;
			buildSettings = {
				ALWAYS_SEARCH_USER_PATHS = NO;
				CLANG_CXX_LANGUAGE_STANDARD = "gnu++0x";
				CLANG_CXX_LIBRARY = "libc++";
				CLANG_ENABLE_MODULES = YES;
				CLANG_ENABLE_OBJC_ARC = YES;
				CLANG_WARN_BOOL_CONVERSION = YES;
				CLANG_WARN_CONSTANT_CONVERSION = YES;
				CLANG_WARN_DIRECT_OBJC_ISA_USAGE = YES_ERROR;
				CLANG_WARN_EMPTY_BODY = YES;
				CLANG_WARN_ENUM_CONVERSION = YES;
				CLANG_WARN_INT_CONVERSION = YES;
				CLANG_WARN_OBJC_ROOT_CLASS = YES_ERROR;
				CLANG_WARN__DUPLICATE_METHOD_MATCH = YES;
				"CODE_SIGN_IDENTITY[sdk=iphoneos*]" = "iPhone Developer";
				COPY_PHASE_STRIP = NO;
				GCC_C_LANGUAGE_STANDARD = gnu99;
				GCC_DYNAMIC_NO_PIC = NO;
				GCC_OPTIMIZATION_LEVEL = 0;
				GCC_PREPROCESSOR_DEFINITIONS = (
					"DEBUG=1",
					"$(inherited)",
				);
				GCC_SYMBOLS_PRIVATE_EXTERN = NO;
				GCC_WARN_64_TO_32_BIT_CONVERSION = YES;
				GCC_WARN_ABOUT_RETURN_TYPE = YES_ERROR;
				GCC_WARN_UNDECLARED_SELECTOR = YES;
				GCC_WARN_UNINITIALIZED_AUTOS = YES_AGGRESSIVE;
				GCC_WARN_UNUSED_FUNCTION = YES;
				GCC_WARN_UNUSED_VARIABLE = YES;
				IPHONEOS_DEPLOYMENT_TARGET = 7.1;
				ONLY_ACTIVE_ARCH = YES;
				SDKROOT = iphoneos;
			};
			name = Debug;
		};
		94F3034018F2E9100087A68F /* Release */ = {
			isa = XCBuildConfiguration;
			buildSettings = {
				ALWAYS_SEARCH_USER_PATHS = NO;
				CLANG_CXX_LANGUAGE_STANDARD = "gnu++0x";
				CLANG_CXX_LIBRARY = "libc++";
				CLANG_ENABLE_MODULES = YES;
				CLANG_ENABLE_OBJC_ARC = YES;
				CLANG_WARN_BOOL_CONVERSION = YES;
				CLANG_WARN_CONSTANT_CONVERSION = YES;
				CLANG_WARN_DIRECT_OBJC_ISA_USAGE = YES_ERROR;
				CLANG_WARN_EMPTY_BODY = YES;
				CLANG_WARN_ENUM_CONVERSION = YES;
				CLANG_WARN_INT_CONVERSION = YES;
				CLANG_WARN_OBJC_ROOT_CLASS = YES_ERROR;
				CLANG_WARN__DUPLICATE_METHOD_MATCH = YES;
				"CODE_SIGN_IDENTITY[sdk=iphoneos*]" = "iPhone Developer";
				COPY_PHASE_STRIP = YES;
				ENABLE_NS_ASSERTIONS = NO;
				GCC_C_LANGUAGE_STANDARD = gnu99;
				GCC_WARN_64_TO_32_BIT_CONVERSION = YES;
				GCC_WARN_ABOUT_RETURN_TYPE = YES_ERROR;
				GCC_WARN_UNDECLARED_SELECTOR = YES;
				GCC_WARN_UNINITIALIZED_AUTOS = YES_AGGRESSIVE;
				GCC_WARN_UNUSED_FUNCTION = YES;
				GCC_WARN_UNUSED_VARIABLE = YES;
				IPHONEOS_DEPLOYMENT_TARGET = 7.1;
				SDKROOT = iphoneos;
				VALIDATE_PRODUCT = YES;
			};
			name = Release;
		};
		94F3034218F2E9100087A68F /* Debug */ = {
			isa = XCBuildConfiguration;
			buildSettings = {
				ASSETCATALOG_COMPILER_APPICON_NAME = AppIcon;
				ASSETCATALOG_COMPILER_LAUNCHIMAGE_NAME = LaunchImage;
				GCC_PRECOMPILE_PREFIX_HEADER = YES;
				GCC_PREFIX_HEADER = "Quiz7/Quiz7-Prefix.pch";
				INFOPLIST_FILE = "Quiz7/Quiz7-Info.plist";
				PRODUCT_NAME = "$(TARGET_NAME)";
				WRAPPER_EXTENSION = app;
			};
			name = Debug;
		};
		94F3034318F2E9100087A68F /* Release */ = {
			isa = XCBuildConfiguration;
			buildSettings = {
				ASSETCATALOG_COMPILER_APPICON_NAME = AppIcon;
				ASSETCATALOG_COMPILER_LAUNCHIMAGE_NAME = LaunchImage;
				GCC_PRECOMPILE_PREFIX_HEADER = YES;
				GCC_PREFIX_HEADER = "Quiz7/Quiz7-Prefix.pch";
				INFOPLIST_FILE = "Quiz7/Quiz7-Info.plist";
				PRODUCT_NAME = "$(TARGET_NAME)";
				WRAPPER_EXTENSION = app;
			};
			name = Release;
		};
		94F3034518F2E9100087A68F /* Debug */ = {
			isa = XCBuildConfiguration;
			buildSettings = {
				BUNDLE_LOADER = "$(BUILT_PRODUCTS_DIR)/Quiz7.app/Quiz7";
				FRAMEWORK_SEARCH_PATHS = (
					"$(SDKROOT)/Developer/Library/Frameworks",
					"$(inherited)",
					"$(DEVELOPER_FRAMEWORKS_DIR)",
				);
				GCC_PRECOMPILE_PREFIX_HEADER = YES;
				GCC_PREFIX_HEADER = "Quiz7/Quiz7-Prefix.pch";
				GCC_PREPROCESSOR_DEFINITIONS = (
					"DEBUG=1",
					"$(inherited)",
				);
				INFOPLIST_FILE = "Quiz7Tests/Quiz7Tests-Info.plist";
				PRODUCT_NAME = "$(TARGET_NAME)";
				TEST_HOST = "$(BUNDLE_LOADER)";
				WRAPPER_EXTENSION = xctest;
			};
			name = Debug;
		};
		94F3034618F2E9100087A68F /* Release */ = {
			isa = XCBuildConfiguration;
			buildSettings = {
				BUNDLE_LOADER = "$(BUILT_PRODUCTS_DIR)/Quiz7.app/Quiz7";
				FRAMEWORK_SEARCH_PATHS = (
					"$(SDKROOT)/Developer/Library/Frameworks",
					"$(inherited)",
					"$(DEVELOPER_FRAMEWORKS_DIR)",
				);
				GCC_PRECOMPILE_PREFIX_HEADER = YES;
				GCC_PREFIX_HEADER = "Quiz7/Quiz7-Prefix.pch";
				INFOPLIST_FILE = "Quiz7Tests/Quiz7Tests-Info.plist";
				PRODUCT_NAME = "$(TARGET_NAME)";
				TEST_HOST = "$(BUNDLE_LOADER)";
				WRAPPER_EXTENSION = xctest;
			};
			name = Release;
		};
/* End XCBuildConfiguration section */

/* Begin XCConfigurationList section */
		94F3030118F2E9100087A68F /* Build configuration list for PBXProject "Quiz7" */ = {
			isa = XCConfigurationList;
			buildConfigurations = (
				94F3033F18F2E9100087A68F /* Debug */,
				94F3034018F2E9100087A68F /* Release */,
			);
			defaultConfigurationIsVisible = 0;
			defaultConfigurationName = Release;
		};
		94F3034118F2E9100087A68F /* Build configuration list for PBXNativeTarget "Quiz7" */ = {
			isa = XCConfigurationList;
			buildConfigurations = (
				94F3034218F2E9100087A68F /* Debug */,
				94F3034318F2E9100087A68F /* Release */,
			);
			defaultConfigurationIsVisible = 0;
		};
		94F3034418F2E9100087A68F /* Build configuration list for PBXNativeTarget "Quiz7Tests" */ = {
			isa = XCConfigurationList;
			buildConfigurations = (
				94F3034518F2E9100087A68F /* Debug */,
				94F3034618F2E9100087A68F /* Release */,
			);
			defaultConfigurationIsVisible = 0;
		};
/* End XCConfigurationList section */

/* Begin XCVersionGroup section */
		94F3032018F2E9100087A68F /* Quiz7.xcdatamodeld */ = {
			isa = XCVersionGroup;
			children = (
				94F3032118F2E9100087A68F /* Quiz7.xcdatamodel */,
			);
			currentVersion = 94F3032118F2E9100087A68F /* Quiz7.xcdatamodel */;
			path = Quiz7.xcdatamodeld;
			sourceTree = "<group>";
			versionGroupType = wrapper.xcdatamodel;
		};
		94F3034718F2E96B0087A68F /* Model.xcdatamodeld */ = {
			isa = XCVersionGroup;
			children = (
				94F3034818F2E96B0087A68F /* Model.xcdatamodel */,
			);
			currentVersion = 94F3034818F2E96B0087A68F /* Model.xcdatamodel */;
			path = Model.xcdatamodeld;
			sourceTree = "<group>";
			versionGroupType = wrapper.xcdatamodel;
		};
/* End XCVersionGroup section */
	};
	rootObject = 94F302FE18F2E9100087A68F /* Project object */;
}
